
Microsoft Visual Studio Solution File, Format Version 12.00
# Visual Studio Version 17
VisualStudioVersion = 17.1.32210.238
MinimumVisualStudioVersion = 10.0.40219.1
Project("{9A19103F-16F7-4668-BE54-9A1E7A4F7556}") = "WkyApiSharp", "WkyApiSharp\WkyApiSharp.csproj", "{65FE501E-BA79-4D6F-A2FD-85DE093C3F27}"
EndProject
Project("{9A19103F-16F7-4668-BE54-9A1E7A4F7556}") = "WkyApiSharp.Test", "WkyApiSharp.Test\WkyApiSharp.Test.csproj", "{3B727DE2-8307-4D56-8159-ACFF7C3E2ACE}"
EndProject
Project("{FAE04EC0-301F-11D3-BF4B-00C04F79EFBC}") = "WkyApiSharp.Demo", "WkyApiSharp.Demo\WkyApiSharp.Demo.csproj", "{B795279A-2959-4D3E-BB8D-8FEA8CDD2B29}"
EndProject
Global
	GlobalSection(SolutionConfigurationPlatforms) = preSolution
		Debug|Any CPU = Debug|Any CPU
		Release|Any CPU = Release|Any CPU
	EndGlobalSection
	GlobalSection(ProjectConfigurationPlatforms) = postSolution
		{65FE501E-BA79-4D6F-A2FD-85DE093C3F27}.Debug|Any CPU.ActiveCfg = Debug|Any CPU
		{65FE501E-BA79-4D6F-A2FD-85DE093C3F27}.Debug|Any CPU.Build.0 = Debug|Any CPU
		{65FE501E-BA79-4D6F-A2FD-85DE093C3F27}.Release|Any CPU.ActiveCfg = Release|Any CPU
		{65FE501E-BA79-4D6F-A2FD-85DE093C3F27}.Release|Any CPU.Build.0 = Release|Any CPU
		{3B727DE2-8307-4D56-8159-ACFF7C3E2ACE}.Debug|Any CPU.ActiveCfg = Debug|Any CPU
		{3B727DE2-8307-4D56-8159-ACFF7C3E2ACE}.Debug|Any CPU.Build.0 = Debug|Any CPU
		{3B727DE2-8307-4D56-8159-ACFF7C3E2ACE}.Release|Any CPU.ActiveCfg = Release|Any CPU
		{3B727DE2-8307-4D56-8159-ACFF7C3E2ACE}.Release|Any CPU.Build.0 = Release|Any CPU
		{B795279A-2959-4D3E-BB8D-8FEA8CDD2B29}.Debug|Any CPU.ActiveCfg = Debug|Any CPU
		{B795279A-2959-4D3E-BB8D-8FEA8CDD2B29}.Debug|Any CPU.Build.0 = Debug|Any CPU
		{B795279A-2959-4D3E-BB8D-8FEA8CDD2B29}.Release|Any CPU.ActiveCfg = Release|Any CPU
		{B795279A-2959-4D3E-BB8D-8FEA8CDD2B29}.Release|Any CPU.Build.0 = Release|Any CPU
	EndGlobalSection
	GlobalSection(SolutionProperties) = preSolution
		HideSolutionNode = FALSE
	EndGlobalSection
	GlobalSection(ExtensibilityGlobals) = postSolution
		SolutionGuid = {3C155005-B3A3-47A0-9765-1C53E7C58447}
	EndGlobalSection
EndGlobal
